Microsoft Visual Studio Solution File, Format Version 11.00
# Visual Studio 2008

Project("{BBC3851E-4AF4-17CC-34E4-B954A741FC5A}") = "SolitareLatest", "Assembly-CSharp.csproj", "{99B1BEB6-91C3-EC82-F9BC-E4036FF6E98D}"
EndProject
Global
	GlobalSection(SolutionConfigurationPlatforms) = preSolution
		Debug|Any CPU = Debug|Any CPU
		Release|Any CPU = Release|Any CPU
	EndGlobalSection
	GlobalSection(ProjectConfigurationPlatforms) = postSolution
		{99B1BEB6-91C3-EC82-F9BC-E4036FF6E98D}.Debug|Any CPU.ActiveCfg = Debug|Any CPU
		{99B1BEB6-91C3-EC82-F9BC-E4036FF6E98D}.Debug|Any CPU.Build.0 = Debug|Any CPU
		{99B1BEB6-91C3-EC82-F9BC-E4036FF6E98D}.Release|Any CPU.ActiveCfg = Release|Any CPU
		{99B1BEB6-91C3-EC82-F9BC-E4036FF6E98D}.Release|Any CPU.Build.0 = Release|Any CPU
	EndGlobalSection
	GlobalSection(SolutionProperties) = preSolution
		HideSolutionNode = FALSE
	EndGlobalSection
	GlobalSection(MonoDevelopProperties) = preSolution
		StartupItem = Assembly-CSharp.csproj
	EndGlobalSection
EndGlobal
