Microsoft Visual Studio Solution File, Format Version 11.00
# Visual Studio 2008

Project("{B0713D9B-1E00-B1F3-0B96-10C5DA05B443}") = "SolitareGame", "Assembly-CSharp.csproj", "{DD995BAF-0CB6-1CDB-36BA-FF42F6C4EB62}"
EndProject
Global
	GlobalSection(SolutionConfigurationPlatforms) = preSolution
		Debug|Any CPU = Debug|Any CPU
		Release|Any CPU = Release|Any CPU
	EndGlobalSection
	GlobalSection(ProjectConfigurationPlatforms) = postSolution
		{DD995BAF-0CB6-1CDB-36BA-FF42F6C4EB62}.Debug|Any CPU.ActiveCfg = Debug|Any CPU
		{DD995BAF-0CB6-1CDB-36BA-FF42F6C4EB62}.Debug|Any CPU.Build.0 = Debug|Any CPU
		{DD995BAF-0CB6-1CDB-36BA-FF42F6C4EB62}.Release|Any CPU.ActiveCfg = Release|Any CPU
		{DD995BAF-0CB6-1CDB-36BA-FF42F6C4EB62}.Release|Any CPU.Build.0 = Release|Any CPU
	EndGlobalSection
	GlobalSection(SolutionProperties) = preSolution
		HideSolutionNode = FALSE
	EndGlobalSection
	GlobalSection(MonoDevelopProperties) = preSolution
		StartupItem = Assembly-CSharp.csproj
	EndGlobalSection
EndGlobal
